// !$*UTF8*$!
{
	archiveVersion = 1;
	classes = {
	};
	objectVersion = 56;
	objects = {

/* Begin PBXBuildFile section */
		2373BC1B2B48F27900AEDFF9 /* CustomTabBarTestsApp.swift in Sources */ = {isa = PBXBuildFile; fileRef = 2373BC1A2B48F27900AEDFF9 /* CustomTabBarTestsApp.swift */; };
		2373BC1D2B48F27900AEDFF9 /* ContentView.swift in Sources */ = {isa = PBXBuildFile; fileRef = 2373BC1C2B48F27900AEDFF9 /* ContentView.swift */; };
		2373BC1F2B48F27B00AEDFF9 /* Assets.xcassets in Resources */ = {isa = PBXBuildFile; fileRef = 2373BC1E2B48F27B00AEDFF9 /* Assets.xcassets */; };
		2373BC222B48F27B00AEDFF9 /* Preview Assets.xcassets in Resources */ = {isa = PBXBuildFile; fileRef = 2373BC212B48F27B00AEDFF9 /* Preview Assets.xcassets */; };
		2373BC292B48F29300AEDFF9 /* SampleView1.swift in Sources */ = {isa = PBXBuildFile; fileRef = 2373BC282B48F29300AEDFF9 /* SampleView1.swift */; };
		2373BC2B2B48F29E00AEDFF9 /* SampleView2.swift in Sources */ = {isa = PBXBuildFile; fileRef = 2373BC2A2B48F29E00AEDFF9 /* SampleView2.swift */; };
		2373BC2D2B48F2A800AEDFF9 /* SampleView3.swift in Sources */ = {isa = PBXBuildFile; fileRef = 2373BC2C2B48F2A800AEDFF9 /* SampleView3.swift */; };
		2373BC2F2B48F66800AEDFF9 /* SwiftUIView.swift in Sources */ = {isa = PBXBuildFile; fileRef = 2373BC2E2B48F66800AEDFF9 /* SwiftUIView.swift */; };
		2373BC312B49E37700AEDFF9 /* BasicCustomTabBar.swift in Sources */ = {isa = PBXBuildFile; fileRef = 2373BC302B49E37700AEDFF9 /* BasicCustomTabBar.swift */; };
		2373BC332B49E49F00AEDFF9 /* BasicTabBarButton.swift in Sources */ = {isa = PBXBuildFile; fileRef = 2373BC322B49E49F00AEDFF9 /* BasicTabBarButton.swift */; };
/* End PBXBuildFile section */

/* Begin PBXFileReference section */
		2373BC172B48F27900AEDFF9 /* CustomTabBarTests.app */ = {isa = PBXFileReference; explicitFileType = wrapper.application; includeInIndex = 0; path = CustomTabBarTests.app; sourceTree = BUILT_PRODUCTS_DIR; };
		2373BC1A2B48F27900AEDFF9 /* CustomTabBarTestsApp.swift */ = {isa = PBXFileReference; lastKnownFileType = sourcecode.swift; path = CustomTabBarTestsApp.swift; sourceTree = "<group>"; };
		2373BC1C2B48F27900AEDFF9 /* ContentView.swift */ = {isa = PBXFileReference; lastKnownFileType = sourcecode.swift; path = ContentView.swift; sourceTree = "<group>"; };
		2373BC1E2B48F27B00AEDFF9 /* Assets.xcassets */ = {isa = PBXFileReference; lastKnownFileType = folder.assetcatalog; path = Assets.xcassets; sourceTree = "<group>"; };
		2373BC212B48F27B00AEDFF9 /* Preview Assets.xcassets */ = {isa = PBXFileReference; lastKnownFileType = folder.assetcatalog; path = "Preview Assets.xcassets"; sourceTree = "<group>"; };
		2373BC282B48F29300AEDFF9 /* SampleView1.swift */ = {isa = PBXFileReference; lastKnownFileType = sourcecode.swift; path = SampleView1.swift; sourceTree = "<group>"; };
		2373BC2A2B48F29E00AEDFF9 /* SampleView2.swift */ = {isa = PBXFileReference; lastKnownFileType = sourcecode.swift; path = SampleView2.swift; sourceTree = "<group>"; };
		2373BC2C2B48F2A800AEDFF9 /* SampleView3.swift */ = {isa = PBXFileReference; lastKnownFileType = sourcecode.swift; path = SampleView3.swift; sourceTree = "<group>"; };
		2373BC2E2B48F66800AEDFF9 /* SwiftUIView.swift */ = {isa = PBXFileReference; lastKnownFileType = sourcecode.swift; path = SwiftUIView.swift; sourceTree = "<group>"; };
		2373BC302B49E37700AEDFF9 /* BasicCustomTabBar.swift */ = {isa = PBXFileReference; lastKnownFileType = sourcecode.swift; path = BasicCustomTabBar.swift; sourceTree = "<group>"; };
		2373BC322B49E49F00AEDFF9 /* BasicTabBarButton.swift */ = {isa = PBXFileReference; lastKnownFileType = sourcecode.swift; path = BasicTabBarButton.swift; sourceTree = "<group>"; };
/* End PBXFileReference section */

/* Begin PBXFrameworksBuildPhase section */
		2373BC142B48F27900AEDFF9 /* Frameworks */ = {
			isa = PBXFrameworksBuildPhase;
			buildActionMask = 2147483647;
			files = (
			);
			runOnlyForDeploymentPostprocessing = 0;
		};
/* End PBXFrameworksBuildPhase section */

/* Begin PBXGroup section */
		2373BC0E2B48F27900AEDFF9 = {
			isa = PBXGroup;
			children = (
				2373BC192B48F27900AEDFF9 /* CustomTabBarTests */,
				2373BC182B48F27900AEDFF9 /* Products */,
			);
			sourceTree = "<group>";
		};
		2373BC182B48F27900AEDFF9 /* Products */ = {
			isa = PBXGroup;
			children = (
				2373BC172B48F27900AEDFF9 /* CustomTabBarTests.app */,
			);
			name = Products;
			sourceTree = "<group>";
		};
		2373BC192B48F27900AEDFF9 /* CustomTabBarTests */ = {
			isa = PBXGroup;
			children = (
				2373BC1A2B48F27900AEDFF9 /* CustomTabBarTestsApp.swift */,
				2373BC1C2B48F27900AEDFF9 /* ContentView.swift */,
				2373BC302B49E37700AEDFF9 /* BasicCustomTabBar.swift */,
				2373BC2E2B48F66800AEDFF9 /* SwiftUIView.swift */,
				2373BC1E2B48F27B00AEDFF9 /* Assets.xcassets */,
				2373BC202B48F27B00AEDFF9 /* Preview Content */,
				2373BC282B48F29300AEDFF9 /* SampleView1.swift */,
				2373BC2A2B48F29E00AEDFF9 /* SampleView2.swift */,
				2373BC2C2B48F2A800AEDFF9 /* SampleView3.swift */,
				2373BC322B49E49F00AEDFF9 /* BasicTabBarButton.swift */,
			);
			path = CustomTabBarTests;
			sourceTree = "<group>";
		};
		2373BC202B48F27B00AEDFF9 /* Preview Content */ = {
			isa = PBXGroup;
			children = (
				2373BC212B48F27B00AEDFF9 /* Preview Assets.xcassets */,
			);
			path = "Preview Content";
			sourceTree = "<group>";
		};
/* End PBXGroup section */

/* Begin PBXNativeTarget section */
		2373BC162B48F27900AEDFF9 /* CustomTabBarTests */ = {
			isa = PBXNativeTarget;
			buildConfigurationList = 2373BC252B48F27B00AEDFF9 /* Build configuration list for PBXNativeTarget "CustomTabBarTests" */;
			buildPhases = (
				2373BC132B48F27900AEDFF9 /* Sources */,
				2373BC142B48F27900AEDFF9 /* Frameworks */,
				2373BC152B48F27900AEDFF9 /* Resources */,
			);
			buildRules = (
			);
			dependencies = (
			);
			name = CustomTabBarTests;
			productName = CustomTabBarTests;
			productReference = 2373BC172B48F27900AEDFF9 /* CustomTabBarTests.app */;
			productType = "com.apple.product-type.application";
		};
/* End PBXNativeTarget section */

/* Begin PBXProject section */
		2373BC0F2B48F27900AEDFF9 /* Project object */ = {
			isa = PBXProject;
			attributes = {
				BuildIndependentTargetsInParallel = 1;
				LastSwiftUpdateCheck = 1510;
				LastUpgradeCheck = 1510;
				TargetAttributes = {
					2373BC162B48F27900AEDFF9 = {
						CreatedOnToolsVersion = 15.1;
					};
				};
			};
			buildConfigurationList = 2373BC122B48F27900AEDFF9 /* Build configuration list for PBXProject "CustomTabBarTests" */;
			compatibilityVersion = "Xcode 14.0";
			developmentRegion = en;
			hasScannedForEncodings = 0;
			knownRegions = (
				en,
				Base,
			);
			mainGroup = 2373BC0E2B48F27900AEDFF9;
			productRefGroup = 2373BC182B48F27900AEDFF9 /* Products */;
			projectDirPath = "";
			projectRoot = "";
			targets = (
				2373BC162B48F27900AEDFF9 /* CustomTabBarTests */,
			);
		};
/* End PBXProject section */

/* Begin PBXResourcesBuildPhase section */
		2373BC152B48F27900AEDFF9 /* Resources */ = {
			isa = PBXResourcesBuildPhase;
			buildActionMask = 2147483647;
			files = (
				2373BC222B48F27B00AEDFF9 /* Preview Assets.xcassets in Resources */,
				2373BC1F2B48F27B00AEDFF9 /* Assets.xcassets in Resources */,
			);
			runOnlyForDeploymentPostprocessing = 0;
		};
/* End PBXResourcesBuildPhase section */

/* Begin PBXSourcesBuildPhase section */
		2373BC132B48F27900AEDFF9 /* Sources */ = {
			isa = PBXSourcesBuildPhase;
			buildActionMask = 2147483647;
			files = (
				2373BC312B49E37700AEDFF9 /* BasicCustomTabBar.swift in Sources */,
				2373BC292B48F29300AEDFF9 /* SampleView1.swift in Sources */,
				2373BC1D2B48F27900AEDFF9 /* ContentView.swift in Sources */,
				2373BC2F2B48F66800AEDFF9 /* SwiftUIView.swift in Sources */,
				2373BC332B49E49F00AEDFF9 /* BasicTabBarButton.swift in Sources */,
				2373BC1B2B48F27900AEDFF9 /* CustomTabBarTestsApp.swift in Sources */,
				2373BC2D2B48F2A800AEDFF9 /* SampleView3.swift in Sources */,
				2373BC2B2B48F29E00AEDFF9 /* SampleView2.swift in Sources */,
			);
			runOnlyForDeploymentPostprocessing = 0;
		};
/* End PBXSourcesBuildPhase section */

/* Begin XCBuildConfiguration section */
		2373BC232B48F27B00AEDFF9 /* Debug */ = {
			isa = XCBuildConfiguration;
			buildSettings = {
				ALWAYS_SEARCH_USER_PATHS = NO;
				ASSETCATALOG_COMPILER_GENERATE_SWIFT_ASSET_SYMBOL_EXTENSIONS = YES;
				CLANG_ANALYZER_NONNULL = YES;
				CLANG_ANALYZER_NUMBER_OBJECT_CONVERSION = YES_AGGRESSIVE;
				CLANG_CXX_LANGUAGE_STANDARD = "gnu++20";
				CLANG_ENABLE_MODULES = YES;
				CLANG_ENABLE_OBJC_ARC = YES;
				CLANG_ENABLE_OBJC_WEAK = YES;
				CLANG_WARN_BLOCK_CAPTURE_AUTORELEASING = YES;
				CLANG_WARN_BOOL_CONVERSION = YES;
				CLANG_WARN_COMMA = YES;
				CLANG_WARN_CONSTANT_CONVERSION = YES;
				CLANG_WARN_DEPRECATED_OBJC_IMPLEMENTATIONS = YES;
				CLANG_WARN_DIRECT_OBJC_ISA_USAGE = YES_ERROR;
				CLANG_WARN_DOCUMENTATION_COMMENTS = YES;
				CLANG_WARN_EMPTY_BODY = YES;
				CLANG_WARN_ENUM_CONVERSION = YES;
				CLANG_WARN_INFINITE_RECURSION = YES;
				CLANG_WARN_INT_CONVERSION = YES;
				CLANG_WARN_NON_LITERAL_NULL_CONVERSION = YES;
				CLANG_WARN_OBJC_IMPLICIT_RETAIN_SELF = YES;
				CLANG_WARN_OBJC_LITERAL_CONVERSION = YES;
				CLANG_WARN_OBJC_ROOT_CLASS = YES_ERROR;
				CLANG_WARN_QUOTED_INCLUDE_IN_FRAMEWORK_HEADER = YES;
				CLANG_WARN_RANGE_LOOP_ANALYSIS = YES;
				CLANG_WARN_STRICT_PROTOTYPES = YES;
				CLANG_WARN_SUSPICIOUS_MOVE = YES;
				CLANG_WARN_UNGUARDED_AVAILABILITY = YES_AGGRESSIVE;
				CLANG_WARN_UNREACHABLE_CODE = YES;
				CLANG_WARN__DUPLICATE_METHOD_MATCH = YES;
				COPY_PHASE_STRIP = NO;
				DEBUG_INFORMATION_FORMAT = dwarf;
				ENABLE_STRICT_OBJC_MSGSEND = YES;
				ENABLE_TESTABILITY = YES;
				ENABLE_USER_SCRIPT_SANDBOXING = YES;
				GCC_C_LANGUAGE_STANDARD = gnu17;
				GCC_DYNAMIC_NO_PIC = NO;
				GCC_NO_COMMON_BLOCKS = YES;
				GCC_OPTIMIZATION_LEVEL = 0;
				GCC_PREPROCESSOR_DEFINITIONS = (
					"DEBUG=1",
					"$(inherited)",
				);
				GCC_WARN_64_TO_32_BIT_CONVERSION = YES;
				GCC_WARN_ABOUT_RETURN_TYPE = YES_ERROR;
				GCC_WARN_UNDECLARED_SELECTOR = YES;
				GCC_WARN_UNINITIALIZED_AUTOS = YES_AGGRESSIVE;
				GCC_WARN_UNUSED_FUNCTION = YES;
				GCC_WARN_UNUSED_VARIABLE = YES;
				IPHONEOS_DEPLOYMENT_TARGET = 17.2;
				LOCALIZATION_PREFERS_STRING_CATALOGS = YES;
				MTL_ENABLE_DEBUG_INFO = INCLUDE_SOURCE;
				MTL_FAST_MATH = YES;
				ONLY_ACTIVE_ARCH = YES;
				SDKROOT = iphoneos;
				SWIFT_ACTIVE_COMPILATION_CONDITIONS = "DEBUG $(inherited)";
				SWIFT_OPTIMIZATION_LEVEL = "-Onone";
			};
			name = Debug;
		};
		2373BC242B48F27B00AEDFF9 /* Release */ = {
			isa = XCBuildConfiguration;
			buildSettings = {
				ALWAYS_SEARCH_USER_PATHS = NO;
				ASSETCATALOG_COMPILER_GENERATE_SWIFT_ASSET_SYMBOL_EXTENSIONS = YES;
				CLANG_ANALYZER_NONNULL = YES;
				CLANG_ANALYZER_NUMBER_OBJECT_CONVERSION = YES_AGGRESSIVE;
				CLANG_CXX_LANGUAGE_STANDARD = "gnu++20";
				CLANG_ENABLE_MODULES = YES;
				CLANG_ENABLE_OBJC_ARC = YES;
				CLANG_ENABLE_OBJC_WEAK = YES;
				CLANG_WARN_BLOCK_CAPTURE_AUTORELEASING = YES;
				CLANG_WARN_BOOL_CONVERSION = YES;
				CLANG_WARN_COMMA = YES;
				CLANG_WARN_CONSTANT_CONVERSION = YES;
				CLANG_WARN_DEPRECATED_OBJC_IMPLEMENTATIONS = YES;
				CLANG_WARN_DIRECT_OBJC_ISA_USAGE = YES_ERROR;
				CLANG_WARN_DOCUMENTATION_COMMENTS = YES;
				CLANG_WARN_EMPTY_BODY = YES;
				CLANG_WARN_ENUM_CONVERSION = YES;
				CLANG_WARN_INFINITE_RECURSION = YES;
				CLANG_WARN_INT_CONVERSION = YES;
				CLANG_WARN_NON_LITERAL_NULL_CONVERSION = YES;
				CLANG_WARN_OBJC_IMPLICIT_RETAIN_SELF = YES;
				CLANG_WARN_OBJC_LITERAL_CONVERSION = YES;
				CLANG_WARN_OBJC_ROOT_CLASS = YES_ERROR;
				CLANG_WARN_QUOTED_INCLUDE_IN_FRAMEWORK_HEADER = YES;
				CLANG_WARN_RANGE_LOOP_ANALYSIS = YES;
				CLANG_WARN_STRICT_PROTOTYPES = YES;
				CLANG_WARN_SUSPICIOUS_MOVE = YES;
				CLANG_WARN_UNGUARDED_AVAILABILITY = YES_AGGRESSIVE;
				CLANG_WARN_UNREACHABLE_CODE = YES;
				CLANG_WARN__DUPLICATE_METHOD_MATCH = YES;
				COPY_PHASE_STRIP = NO;
				DEBUG_INFORMATION_FORMAT = "dwarf-with-dsym";
				ENABLE_NS_ASSERTIONS = NO;
				ENABLE_STRICT_OBJC_MSGSEND = YES;
				ENABLE_USER_SCRIPT_SANDBOXING = YES;
				GCC_C_LANGUAGE_STANDARD = gnu17;
				GCC_NO_COMMON_BLOCKS = YES;
				GCC_WARN_64_TO_32_BIT_CONVERSION = YES;
				GCC_WARN_ABOUT_RETURN_TYPE = YES_ERROR;
				GCC_WARN_UNDECLARED_SELECTOR = YES;
				GCC_WARN_UNINITIALIZED_AUTOS = YES_AGGRESSIVE;
				GCC_WARN_UNUSED_FUNCTION = YES;
				GCC_WARN_UNUSED_VARIABLE = YES;
				IPHONEOS_DEPLOYMENT_TARGET = 17.2;
				LOCALIZATION_PREFERS_STRING_CATALOGS = YES;
				MTL_ENABLE_DEBUG_INFO = NO;
				MTL_FAST_MATH = YES;
				SDKROOT = iphoneos;
				SWIFT_COMPILATION_MODE = wholemodule;
				VALIDATE_PRODUCT = YES;
			};
			name = Release;
		};
		2373BC262B48F27B00AEDFF9 /* Debug */ = {
			isa = XCBuildConfiguration;
			buildSettings = {
				ASSETCATALOG_COMPILER_APPICON_NAME = AppIcon;
				ASSETCATALOG_COMPILER_GLOBAL_ACCENT_COLOR_NAME = AccentColor;
				CODE_SIGN_STYLE = Automatic;
				CURRENT_PROJECT_VERSION = 1;
				DEVELOPMENT_ASSET_PATHS = "\"CustomTabBarTests/Preview Content\"";
				DEVELOPMENT_TEAM = 4DZJGNL44Y;
				ENABLE_PREVIEWS = YES;
				GENERATE_INFOPLIST_FILE = YES;
				INFOPLIST_KEY_UIApplicationSceneManifest_Generation = YES;
				INFOPLIST_KEY_UIApplicationSupportsIndirectInputEvents = YES;
				INFOPLIST_KEY_UILaunchScreen_Generation = YES;
				INFOPLIST_KEY_UISupportedInterfaceOrientations_iPad = "UIInterfaceOrientationPortrait UIInterfaceOrientationPortraitUpsideDown UIInterfaceOrientationLandscapeLeft UIInterfaceOrientationLandscapeRight";
				INFOPLIST_KEY_UISupportedInterfaceOrientations_iPhone = "UIInterfaceOrientationPortrait UIInterfaceOrientationLandscapeLeft UIInterfaceOrientationLandscapeRight";
				LD_RUNPATH_SEARCH_PATHS = (
					"$(inherited)",
					"@executable_path/Frameworks",
				);
				MARKETING_VERSION = 1.0;
				PRODUCT_BUNDLE_IDENTIFIER = DevinGrischow.CustomTabBarTests;
				PRODUCT_NAME = "$(TARGET_NAME)";
				SWIFT_EMIT_LOC_STRINGS = YES;
				SWIFT_VERSION = 5.0;
				TARGETED_DEVICE_FAMILY = "1,2";
			};
			name = Debug;
		};
		2373BC272B48F27B00AEDFF9 /* Release */ = {
			isa = XCBuildConfiguration;
			buildSettings = {
				ASSETCATALOG_COMPILER_APPICON_NAME = AppIcon;
				ASSETCATALOG_COMPILER_GLOBAL_ACCENT_COLOR_NAME = AccentColor;
				CODE_SIGN_STYLE = Automatic;
				CURRENT_PROJECT_VERSION = 1;
				DEVELOPMENT_ASSET_PATHS = "\"CustomTabBarTests/Preview Content\"";
				DEVELOPMENT_TEAM = 4DZJGNL44Y;
				ENABLE_PREVIEWS = YES;
				GENERATE_INFOPLIST_FILE = YES;
				INFOPLIST_KEY_UIApplicationSceneManifest_Generation = YES;
				INFOPLIST_KEY_UIApplicationSupportsIndirectInputEvents = YES;
				INFOPLIST_KEY_UILaunchScreen_Generation = YES;
				INFOPLIST_KEY_UISupportedInterfaceOrientations_iPad = "UIInterfaceOrientationPortrait UIInterfaceOrientationPortraitUpsideDown UIInterfaceOrientationLandscapeLeft UIInterfaceOrientationLandscapeRight";
				INFOPLIST_KEY_UISupportedInterfaceOrientations_iPhone = "UIInterfaceOrientationPortrait UIInterfaceOrientationLandscapeLeft UIInterfaceOrientationLandscapeRight";
				LD_RUNPATH_SEARCH_PATHS = (
					"$(inherited)",
					"@executable_path/Frameworks",
				);
				MARKETING_VERSION = 1.0;
				PRODUCT_BUNDLE_IDENTIFIER = DevinGrischow.CustomTabBarTests;
				PRODUCT_NAME = "$(TARGET_NAME)";
				SWIFT_EMIT_LOC_STRINGS = YES;
				SWIFT_VERSION = 5.0;
				TARGETED_DEVICE_FAMILY = "1,2";
			};
			name = Release;
		};
/* End XCBuildConfiguration section */

/* Begin XCConfigurationList section */
		2373BC122B48F27900AEDFF9 /* Build configuration list for PBXProject "CustomTabBarTests" */ = {
			isa = XCConfigurationList;
			buildConfigurations = (
				2373BC232B48F27B00AEDFF9 /* Debug */,
				2373BC242B48F27B00AEDFF9 /* Release */,
			);
			defaultConfigurationIsVisible = 0;
			defaultConfigurationName = Release;
		};
		2373BC252B48F27B00AEDFF9 /* Build configuration list for PBXNativeTarget "CustomTabBarTests" */ = {
			isa = XCConfigurationList;
			buildConfigurations = (
				2373BC262B48F27B00AEDFF9 /* Debug */,
				2373BC272B48F27B00AEDFF9 /* Release */,
			);
			defaultConfigurationIsVisible = 0;
			defaultConfigurationName = Release;
		};
/* End XCConfigurationList section */
	};
	rootObject = 2373BC0F2B48F27900AEDFF9 /* Project object */;
}
